
Microsoft Visual Studio Solution File, Format Version 12.00
# Visual Studio Version 17
VisualStudioVersion = 17.5.33627.172
MinimumVisualStudioVersion = 10.0.40219.1
Project("{2150E333-8FDC-42A3-9474-1A3956D46DE8}") = "Services", "Services", "{1FFAB34D-DC17-47C8-A12C-3A109383D630}"
EndProject
Project("{2150E333-8FDC-42A3-9474-1A3956D46DE8}") = "Frontends", "Frontends", "{1814F8C5-B4F1-4944-85D6-8E32CD8DBF6E}"
EndProject
Project("{2150E333-8FDC-42A3-9474-1A3956D46DE8}") = "Catalog", "Catalog", "{FFF084A4-DCD1-40FD-B4FD-458C9E4BDB1B}"
EndProject
Project("{2150E333-8FDC-42A3-9474-1A3956D46DE8}") = "Basket", "Basket", "{6280760E-5C55-4DF0-A1F0-E583D3B5B5C7}"
EndProject
Project("{2150E333-8FDC-42A3-9474-1A3956D46DE8}") = "Order", "Order", "{15A39523-94D7-425F-8AAB-2BACD3AEA732}"
EndProject
Project("{2150E333-8FDC-42A3-9474-1A3956D46DE8}") = "Discount", "Discount", "{37212965-779C-4C95-B552-5E0FB7A9A871}"
EndProject
Project("{2150E333-8FDC-42A3-9474-1A3956D46DE8}") = "Payment", "Payment", "{4D836B7F-EDCC-4E57-B8C7-6D0424516BE9}"
EndProject
Project("{2150E333-8FDC-42A3-9474-1A3956D46DE8}") = "Gateways", "Gateways", "{C13ED094-0257-478F-A6E8-2487B6396A56}"
EndProject
Project("{2150E333-8FDC-42A3-9474-1A3956D46DE8}") = "ToDo", "ToDo", "{71C04B84-8287-4579-BF52-AF30AFA7595B}"
EndProject
Project("{2150E333-8FDC-42A3-9474-1A3956D46DE8}") = "Cargo", "Cargo", "{D6C3A747-1270-43B3-B69E-63A4FF8416D2}"
EndProject
Project("{9A19103F-16F7-4668-BE54-9A1E7A4F7556}") = "CasgemMicroservices.Catalog", "Services\Catalog\CasgemMicroservices.Catalog\CasgemMicroservices.Catalog.csproj", "{104CFEEB-7830-4607-A88B-D647F66BA942}"
EndProject
Project("{9A19103F-16F7-4668-BE54-9A1E7A4F7556}") = "CasgemMicroservices.Discount", "Services\Discount\CasgemMicroservices.Discount\CasgemMicroservices.Discount.csproj", "{E51996BD-2463-48F9-998F-B48C2345ED96}"
EndProject
Project("{9A19103F-16F7-4668-BE54-9A1E7A4F7556}") = "CasgemMicroservices.Payment", "Services\Order\CasgemMicroservices.Order\CasgemMicroservices.Payment.csproj", "{44896176-ECDB-4EC0-B5E6-0B322E770CC4}"
EndProject
Project("{9A19103F-16F7-4668-BE54-9A1E7A4F7556}") = "CasgemMicroservices.Order", "Services\Payment\CasgemMicroservices.Payment\CasgemMicroservices.Order.csproj", "{ECC0148C-B512-47B5-90C1-C103C7FEE382}"
EndProject
Project("{9A19103F-16F7-4668-BE54-9A1E7A4F7556}") = "CasgemMicroservices.Basket", "Services\Basket\CasgemMicroservices.Basket\CasgemMicroservices.Basket.csproj", "{6304236A-8E8B-42D4-903D-48C7ACA25F31}"
EndProject
Project("{2150E333-8FDC-42A3-9474-1A3956D46DE8}") = "Shared", "Shared", "{1F8FE7E8-55FD-4F97-A0C6-0CB91DFE16CE}"
EndProject
Project("{9A19103F-16F7-4668-BE54-9A1E7A4F7556}") = "Casgem_Microservices.Shared", "Shared\Casgem_Microservices.Shared\Casgem_Microservices.Shared.csproj", "{6DCE14D9-BCEC-4D3B-A6A9-03DE79139767}"
EndProject
Project("{9A19103F-16F7-4668-BE54-9A1E7A4F7556}") = "CasgemMicroservices.Cargo", "Services\Cargo\CasgemMicroservices.Cargo\CasgemMicroservices.Cargo.csproj", "{D8E41DFF-F617-47E4-BFCA-D5BB835F95F0}"
EndProject
Project("{2150E333-8FDC-42A3-9474-1A3956D46DE8}") = "IdentityServer", "IdentityServer", "{D059E21E-B9CD-44AB-A906-6A100884551C}"
EndProject
Project("{9A19103F-16F7-4668-BE54-9A1E7A4F7556}") = "Casgem_MicroServices.IdentityServer", "IdentityServer\Casgem_MicroServices.IdentityServer\Casgem_MicroServices.IdentityServer.csproj", "{BB701369-F706-449E-ABCD-EC30E7724725}"
EndProject
Global
	GlobalSection(SolutionConfigurationPlatforms) = preSolution
		Debug|Any CPU = Debug|Any CPU
		Release|Any CPU = Release|Any CPU
	EndGlobalSection
	GlobalSection(ProjectConfigurationPlatforms) = postSolution
		{104CFEEB-7830-4607-A88B-D647F66BA942}.Debug|Any CPU.ActiveCfg = Debug|Any CPU
		{104CFEEB-7830-4607-A88B-D647F66BA942}.Debug|Any CPU.Build.0 = Debug|Any CPU
		{104CFEEB-7830-4607-A88B-D647F66BA942}.Release|Any CPU.ActiveCfg = Release|Any CPU
		{104CFEEB-7830-4607-A88B-D647F66BA942}.Release|Any CPU.Build.0 = Release|Any CPU
		{E51996BD-2463-48F9-998F-B48C2345ED96}.Debug|Any CPU.ActiveCfg = Debug|Any CPU
		{E51996BD-2463-48F9-998F-B48C2345ED96}.Debug|Any CPU.Build.0 = Debug|Any CPU
		{E51996BD-2463-48F9-998F-B48C2345ED96}.Release|Any CPU.ActiveCfg = Release|Any CPU
		{E51996BD-2463-48F9-998F-B48C2345ED96}.Release|Any CPU.Build.0 = Release|Any CPU
		{44896176-ECDB-4EC0-B5E6-0B322E770CC4}.Debug|Any CPU.ActiveCfg = Debug|Any CPU
		{44896176-ECDB-4EC0-B5E6-0B322E770CC4}.Debug|Any CPU.Build.0 = Debug|Any CPU
		{44896176-ECDB-4EC0-B5E6-0B322E770CC4}.Release|Any CPU.ActiveCfg = Release|Any CPU
		{44896176-ECDB-4EC0-B5E6-0B322E770CC4}.Release|Any CPU.Build.0 = Release|Any CPU
		{ECC0148C-B512-47B5-90C1-C103C7FEE382}.Debug|Any CPU.ActiveCfg = Debug|Any CPU
		{ECC0148C-B512-47B5-90C1-C103C7FEE382}.Debug|Any CPU.Build.0 = Debug|Any CPU
		{ECC0148C-B512-47B5-90C1-C103C7FEE382}.Release|Any CPU.ActiveCfg = Release|Any CPU
		{ECC0148C-B512-47B5-90C1-C103C7FEE382}.Release|Any CPU.Build.0 = Release|Any CPU
		{6304236A-8E8B-42D4-903D-48C7ACA25F31}.Debug|Any CPU.ActiveCfg = Debug|Any CPU
		{6304236A-8E8B-42D4-903D-48C7ACA25F31}.Debug|Any CPU.Build.0 = Debug|Any CPU
		{6304236A-8E8B-42D4-903D-48C7ACA25F31}.Release|Any CPU.ActiveCfg = Release|Any CPU
		{6304236A-8E8B-42D4-903D-48C7ACA25F31}.Release|Any CPU.Build.0 = Release|Any CPU
		{6DCE14D9-BCEC-4D3B-A6A9-03DE79139767}.Debug|Any CPU.ActiveCfg = Debug|Any CPU
		{6DCE14D9-BCEC-4D3B-A6A9-03DE79139767}.Debug|Any CPU.Build.0 = Debug|Any CPU
		{6DCE14D9-BCEC-4D3B-A6A9-03DE79139767}.Release|Any CPU.ActiveCfg = Release|Any CPU
		{6DCE14D9-BCEC-4D3B-A6A9-03DE79139767}.Release|Any CPU.Build.0 = Release|Any CPU
		{D8E41DFF-F617-47E4-BFCA-D5BB835F95F0}.Debug|Any CPU.ActiveCfg = Debug|Any CPU
		{D8E41DFF-F617-47E4-BFCA-D5BB835F95F0}.Debug|Any CPU.Build.0 = Debug|Any CPU
		{D8E41DFF-F617-47E4-BFCA-D5BB835F95F0}.Release|Any CPU.ActiveCfg = Release|Any CPU
		{D8E41DFF-F617-47E4-BFCA-D5BB835F95F0}.Release|Any CPU.Build.0 = Release|Any CPU
		{BB701369-F706-449E-ABCD-EC30E7724725}.Debug|Any CPU.ActiveCfg = Debug|Any CPU
		{BB701369-F706-449E-ABCD-EC30E7724725}.Debug|Any CPU.Build.0 = Debug|Any CPU
		{BB701369-F706-449E-ABCD-EC30E7724725}.Release|Any CPU.ActiveCfg = Release|Any CPU
		{BB701369-F706-449E-ABCD-EC30E7724725}.Release|Any CPU.Build.0 = Release|Any CPU
	EndGlobalSection
	GlobalSection(SolutionProperties) = preSolution
		HideSolutionNode = FALSE
	EndGlobalSection
	GlobalSection(NestedProjects) = preSolution
		{FFF084A4-DCD1-40FD-B4FD-458C9E4BDB1B} = {1FFAB34D-DC17-47C8-A12C-3A109383D630}
		{6280760E-5C55-4DF0-A1F0-E583D3B5B5C7} = {1FFAB34D-DC17-47C8-A12C-3A109383D630}
		{15A39523-94D7-425F-8AAB-2BACD3AEA732} = {1FFAB34D-DC17-47C8-A12C-3A109383D630}
		{37212965-779C-4C95-B552-5E0FB7A9A871} = {1FFAB34D-DC17-47C8-A12C-3A109383D630}
		{4D836B7F-EDCC-4E57-B8C7-6D0424516BE9} = {1FFAB34D-DC17-47C8-A12C-3A109383D630}
		{D6C3A747-1270-43B3-B69E-63A4FF8416D2} = {1FFAB34D-DC17-47C8-A12C-3A109383D630}
		{104CFEEB-7830-4607-A88B-D647F66BA942} = {FFF084A4-DCD1-40FD-B4FD-458C9E4BDB1B}
		{E51996BD-2463-48F9-998F-B48C2345ED96} = {37212965-779C-4C95-B552-5E0FB7A9A871}
		{44896176-ECDB-4EC0-B5E6-0B322E770CC4} = {4D836B7F-EDCC-4E57-B8C7-6D0424516BE9}
		{ECC0148C-B512-47B5-90C1-C103C7FEE382} = {15A39523-94D7-425F-8AAB-2BACD3AEA732}
		{6304236A-8E8B-42D4-903D-48C7ACA25F31} = {6280760E-5C55-4DF0-A1F0-E583D3B5B5C7}
		{6DCE14D9-BCEC-4D3B-A6A9-03DE79139767} = {1F8FE7E8-55FD-4F97-A0C6-0CB91DFE16CE}
		{D8E41DFF-F617-47E4-BFCA-D5BB835F95F0} = {D6C3A747-1270-43B3-B69E-63A4FF8416D2}
		{BB701369-F706-449E-ABCD-EC30E7724725} = {D059E21E-B9CD-44AB-A906-6A100884551C}
	EndGlobalSection
	GlobalSection(ExtensibilityGlobals) = postSolution
		SolutionGuid = {1AEAE547-0C5C-44DC-8D63-BDAEB9A9E5C1}
	EndGlobalSection
EndGlobal
